{
  "name": "usability-analyzer",
  "version": "1.0.0",
  "lockfileVersion": 3,
  "requires": true,
  "packages": {
    "": {
      "name": "usability-analyzer",
      "version": "1.0.0",
      "license": "ISC",
      "dependencies": {
        "commander": "^12.1.0",
        "lodash": "^4.17.21",
        "many-keys-map": "^2.0.1",
        "piscina": "^4.7.0",
        "rxjs": "^7.8.1",
        "ts-morph": "^23.0.0",
        "type-plus": "^7.6.2",
        "unique-filename": "^4.0.0"
      }
    },
    "node_modules/@napi-rs/nice": {
      "version": "1.0.1",
      "resolved": "https://registry.npmjs.org/@napi-rs/nice/-/nice-1.0.1.tgz",
      "integrity": "sha512-zM0mVWSXE0a0h9aKACLwKmD6nHcRiKrPpCfvaKqG1CqDEyjEawId0ocXxVzPMCAm6kkWr2P025msfxXEnt8UGQ==",
      "license": "MIT",
      "optional": true,
      "engines": {
        "node": ">= 10"
      },
      "funding": {
        "type": "github",
        "url": "https://github.com/sponsors/Brooooooklyn"
      },
      "optionalDependencies": {
        "@napi-rs/nice-android-arm-eabi": "1.0.1",
        "@napi-rs/nice-android-arm64": "1.0.1",
        "@napi-rs/nice-darwin-arm64": "1.0.1",
        "@napi-rs/nice-darwin-x64": "1.0.1",
        "@napi-rs/nice-freebsd-x64": "1.0.1",
        "@napi-rs/nice-linux-arm-gnueabihf": "1.0.1",
        "@napi-rs/nice-linux-arm64-gnu": "1.0.1",
        "@napi-rs/nice-linux-arm64-musl": "1.0.1",
        "@napi-rs/nice-linux-ppc64-gnu": "1.0.1",
        "@napi-rs/nice-linux-riscv64-gnu": "1.0.1",
        "@napi-rs/nice-linux-s390x-gnu": "1.0.1",
        "@napi-rs/nice-linux-x64-gnu": "1.0.1",
        "@napi-rs/nice-linux-x64-musl": "1.0.1",
        "@napi-rs/nice-win32-arm64-msvc": "1.0.1",
        "@napi-rs/nice-win32-ia32-msvc": "1.0.1",
        "@napi-rs/nice-win32-x64-msvc": "1.0.1"
      }
    },
    "node_modules/@napi-rs/nice-android-arm-eabi": {
      "version": "1.0.1",
      "resolved": "https://registry.npmjs.org/@napi-rs/nice-android-arm-eabi/-/nice-android-arm-eabi-1.0.1.tgz",
      "integrity": "sha512-5qpvOu5IGwDo7MEKVqqyAxF90I6aLj4n07OzpARdgDRfz8UbBztTByBp0RC59r3J1Ij8uzYi6jI7r5Lws7nn6w==",
      "cpu": [
        "arm"
      ],
      "license": "MIT",
      "optional": true,
      "os": [
        "android"
      ],
      "engines": {
        "node": ">= 10"
      }
    },
    "node_modules/@napi-rs/nice-android-arm64": {
      "version": "1.0.1",
      "resolved": "https://registry.npmjs.org/@napi-rs/nice-android-arm64/-/nice-android-arm64-1.0.1.tgz",
      "integrity": "sha512-GqvXL0P8fZ+mQqG1g0o4AO9hJjQaeYG84FRfZaYjyJtZZZcMjXW5TwkL8Y8UApheJgyE13TQ4YNUssQaTgTyvA==",
      "cpu": [
        "arm64"
      ],
      "license": "MIT",
      "optional": true,
      "os": [
        "android"
      ],
      "engines": {
        "node": ">= 10"
      }
    },
    "node_modules/@napi-rs/nice-darwin-arm64": {
      "version": "1.0.1",
      "resolved": "https://registry.npmjs.org/@napi-rs/nice-darwin-arm64/-/nice-darwin-arm64-1.0.1.tgz",
      "integrity": "sha512-91k3HEqUl2fsrz/sKkuEkscj6EAj3/eZNCLqzD2AA0TtVbkQi8nqxZCZDMkfklULmxLkMxuUdKe7RvG/T6s2AA==",
      "cpu": [
        "arm64"
      ],
      "license": "MIT",
      "optional": true,
      "os": [
        "darwin"
      ],
      "engines": {
        "node": ">= 10"
      }
    },
    "node_modules/@napi-rs/nice-darwin-x64": {
      "version": "1.0.1",
      "resolved": "https://registry.npmjs.org/@napi-rs/nice-darwin-x64/-/nice-darwin-x64-1.0.1.tgz",
      "integrity": "sha512-jXnMleYSIR/+TAN/p5u+NkCA7yidgswx5ftqzXdD5wgy/hNR92oerTXHc0jrlBisbd7DpzoaGY4cFD7Sm5GlgQ==",
      "cpu": [
        "x64"
      ],
      "license": "MIT",
      "optional": true,
      "os": [
        "darwin"
      ],
      "engines": {
        "node": ">= 10"
      }
    },
    "node_modules/@napi-rs/nice-freebsd-x64": {
      "version": "1.0.1",
      "resolved": "https://registry.npmjs.org/@napi-rs/nice-freebsd-x64/-/nice-freebsd-x64-1.0.1.tgz",
      "integrity": "sha512-j+iJ/ezONXRQsVIB/FJfwjeQXX7A2tf3gEXs4WUGFrJjpe/z2KB7sOv6zpkm08PofF36C9S7wTNuzHZ/Iiccfw==",
      "cpu": [
        "x64"
      ],
      "license": "MIT",
      "optional": true,
      "os": [
        "freebsd"
      ],
      "engines": {
        "node": ">= 10"
      }
    },
    "node_modules/@napi-rs/nice-linux-arm-gnueabihf": {
      "version": "1.0.1",
      "resolved": "https://registry.npmjs.org/@napi-rs/nice-linux-arm-gnueabihf/-/nice-linux-arm-gnueabihf-1.0.1.tgz",
      "integrity": "sha512-G8RgJ8FYXYkkSGQwywAUh84m946UTn6l03/vmEXBYNJxQJcD+I3B3k5jmjFG/OPiU8DfvxutOP8bi+F89MCV7Q==",
      "cpu": [
        "arm"
      ],
      "license": "MIT",
      "optional": true,
      "os": [
        "linux"
      ],
      "engines": {
        "node": ">= 10"
      }
    },
    "node_modules/@napi-rs/nice-linux-arm64-gnu": {
      "version": "1.0.1",
      "resolved": "https://registry.npmjs.org/@napi-rs/nice-linux-arm64-gnu/-/nice-linux-arm64-gnu-1.0.1.tgz",
      "integrity": "sha512-IMDak59/W5JSab1oZvmNbrms3mHqcreaCeClUjwlwDr0m3BoR09ZiN8cKFBzuSlXgRdZ4PNqCYNeGQv7YMTjuA==",
      "cpu": [
        "arm64"
      ],
      "license": "MIT",
      "optional": true,
      "os": [
        "linux"
      ],
      "engines": {
        "node": ">= 10"
      }
    },
    "node_modules/@napi-rs/nice-linux-arm64-musl": {
      "version": "1.0.1",
      "resolved": "https://registry.npmjs.org/@napi-rs/nice-linux-arm64-musl/-/nice-linux-arm64-musl-1.0.1.tgz",
      "integrity": "sha512-wG8fa2VKuWM4CfjOjjRX9YLIbysSVV1S3Kgm2Fnc67ap/soHBeYZa6AGMeR5BJAylYRjnoVOzV19Cmkco3QEPw==",
      "cpu": [
        "arm64"
      ],
      "license": "MIT",
      "optional": true,
      "os": [
        "linux"
      ],
      "engines": {
        "node": ">= 10"
      }
    },
    "node_modules/@napi-rs/nice-linux-ppc64-gnu": {
      "version": "1.0.1",
      "resolved": "https://registry.npmjs.org/@napi-rs/nice-linux-ppc64-gnu/-/nice-linux-ppc64-gnu-1.0.1.tgz",
      "integrity": "sha512-lxQ9WrBf0IlNTCA9oS2jg/iAjQyTI6JHzABV664LLrLA/SIdD+I1i3Mjf7TsnoUbgopBcCuDztVLfJ0q9ubf6Q==",
      "cpu": [
        "ppc64"
      ],
      "license": "MIT",
      "optional": true,
      "os": [
        "linux"
      ],
      "engines": {
        "node": ">= 10"
      }
    },
    "node_modules/@napi-rs/nice-linux-riscv64-gnu": {
      "version": "1.0.1",
      "resolved": "https://registry.npmjs.org/@napi-rs/nice-linux-riscv64-gnu/-/nice-linux-riscv64-gnu-1.0.1.tgz",
      "integrity": "sha512-3xs69dO8WSWBb13KBVex+yvxmUeEsdWexxibqskzoKaWx9AIqkMbWmE2npkazJoopPKX2ULKd8Fm9veEn0g4Ig==",
      "cpu": [
        "riscv64"
      ],
      "license": "MIT",
      "optional": true,
      "os": [
        "linux"
      ],
      "engines": {
        "node": ">= 10"
      }
    },
    "node_modules/@napi-rs/nice-linux-s390x-gnu": {
      "version": "1.0.1",
      "resolved": "https://registry.npmjs.org/@napi-rs/nice-linux-s390x-gnu/-/nice-linux-s390x-gnu-1.0.1.tgz",
      "integrity": "sha512-lMFI3i9rlW7hgToyAzTaEybQYGbQHDrpRkg+1gJWEpH0PLAQoZ8jiY0IzakLfNWnVda1eTYYlxxFYzW8Rqczkg==",
      "cpu": [
        "s390x"
      ],
      "license": "MIT",
      "optional": true,
      "os": [
        "linux"
      ],
      "engines": {
        "node": ">= 10"
      }
    },
    "node_modules/@napi-rs/nice-linux-x64-gnu": {
      "version": "1.0.1",
      "resolved": "https://registry.npmjs.org/@napi-rs/nice-linux-x64-gnu/-/nice-linux-x64-gnu-1.0.1.tgz",
      "integrity": "sha512-XQAJs7DRN2GpLN6Fb+ZdGFeYZDdGl2Fn3TmFlqEL5JorgWKrQGRUrpGKbgZ25UeZPILuTKJ+OowG2avN8mThBA==",
      "cpu": [
        "x64"
      ],
      "license": "MIT",
      "optional": true,
      "os": [
        "linux"
      ],
      "engines": {
        "node": ">= 10"
      }
    },
    "node_modules/@napi-rs/nice-linux-x64-musl": {
      "version": "1.0.1",
      "resolved": "https://registry.npmjs.org/@napi-rs/nice-linux-x64-musl/-/nice-linux-x64-musl-1.0.1.tgz",
      "integrity": "sha512-/rodHpRSgiI9o1faq9SZOp/o2QkKQg7T+DK0R5AkbnI/YxvAIEHf2cngjYzLMQSQgUhxym+LFr+UGZx4vK4QdQ==",
      "cpu": [
        "x64"
      ],
      "license": "MIT",
      "optional": true,
      "os": [
        "linux"
      ],
      "engines": {
        "node": ">= 10"
      }
    },
    "node_modules/@napi-rs/nice-win32-arm64-msvc": {
      "version": "1.0.1",
      "resolved": "https://registry.npmjs.org/@napi-rs/nice-win32-arm64-msvc/-/nice-win32-arm64-msvc-1.0.1.tgz",
      "integrity": "sha512-rEcz9vZymaCB3OqEXoHnp9YViLct8ugF+6uO5McifTedjq4QMQs3DHz35xBEGhH3gJWEsXMUbzazkz5KNM5YUg==",
      "cpu": [
        "arm64"
      ],
      "license": "MIT",
      "optional": true,
      "os": [
        "win32"
      ],
      "engines": {
        "node": ">= 10"
      }
    },
    "node_modules/@napi-rs/nice-win32-ia32-msvc": {
      "version": "1.0.1",
      "resolved": "https://registry.npmjs.org/@napi-rs/nice-win32-ia32-msvc/-/nice-win32-ia32-msvc-1.0.1.tgz",
      "integrity": "sha512-t7eBAyPUrWL8su3gDxw9xxxqNwZzAqKo0Szv3IjVQd1GpXXVkb6vBBQUuxfIYaXMzZLwlxRQ7uzM2vdUE9ULGw==",
      "cpu": [
        "ia32"
      ],
      "license": "MIT",
      "optional": true,
      "os": [
        "win32"
      ],
      "engines": {
        "node": ">= 10"
      }
    },
    "node_modules/@napi-rs/nice-win32-x64-msvc": {
      "version": "1.0.1",
      "resolved": "https://registry.npmjs.org/@napi-rs/nice-win32-x64-msvc/-/nice-win32-x64-msvc-1.0.1.tgz",
      "integrity": "sha512-JlF+uDcatt3St2ntBG8H02F1mM45i5SF9W+bIKiReVE6wiy3o16oBP/yxt+RZ+N6LbCImJXJ6bXNO2kn9AXicg==",
      "cpu": [
        "x64"
      ],
      "license": "MIT",
      "optional": true,
      "os": [
        "win32"
      ],
      "engines": {
        "node": ">= 10"
      }
    },
    "node_modules/@nodelib/fs.scandir": {
      "version": "2.1.5",
      "resolved": "https://registry.npmjs.org/@nodelib/fs.scandir/-/fs.scandir-2.1.5.tgz",
      "integrity": "sha512-vq24Bq3ym5HEQm2NKCr3yXDwjc7vTsEThRDnkp2DK9p1uqLR+DHurm/NOTo0KG7HYHU7eppKZj3MyqYuMBf62g==",
      "license": "MIT",
      "dependencies": {
        "@nodelib/fs.stat": "2.0.5",
        "run-parallel": "^1.1.9"
      },
      "engines": {
        "node": ">= 8"
      }
    },
    "node_modules/@nodelib/fs.stat": {
      "version": "2.0.5",
      "resolved": "https://registry.npmjs.org/@nodelib/fs.stat/-/fs.stat-2.0.5.tgz",
      "integrity": "sha512-RkhPPp2zrqDAQA/2jNhnztcPAlv64XdhIp7a7454A5ovI7Bukxgt7MX7udwAu3zg1DcpPU0rz3VV1SeaqvY4+A==",
      "license": "MIT",
      "engines": {
        "node": ">= 8"
      }
    },
    "node_modules/@nodelib/fs.walk": {
      "version": "1.2.8",
      "resolved": "https://registry.npmjs.org/@nodelib/fs.walk/-/fs.walk-1.2.8.tgz",
      "integrity": "sha512-oGB+UxlgWcgQkgwo8GcEGwemoTFt3FIO9ababBmaGwXIoBKZ+GTy0pP185beGg7Llih/NSHSV2XAs1lnznocSg==",
      "license": "MIT",
      "dependencies": {
        "@nodelib/fs.scandir": "2.1.5",
        "fastq": "^1.6.0"
      },
      "engines": {
        "node": ">= 8"
      }
    },
    "node_modules/@ts-morph/common": {
      "version": "0.24.0",
      "resolved": "https://registry.npmjs.org/@ts-morph/common/-/common-0.24.0.tgz",
      "integrity": "sha512-c1xMmNHWpNselmpIqursHeOHHBTIsJLbB+NuovbTTRCNiTLEr/U9dbJ8qy0jd/O2x5pc3seWuOUN5R2IoOTp8A==",
      "license": "MIT",
      "dependencies": {
        "fast-glob": "^3.3.2",
        "minimatch": "^9.0.4",
        "mkdirp": "^3.0.1",
        "path-browserify": "^1.0.1"
      }
    },
    "node_modules/acorn": {
      "version": "8.12.1",
      "resolved": "https://registry.npmjs.org/acorn/-/acorn-8.12.1.tgz",
      "integrity": "sha512-tcpGyI9zbizT9JbV6oYE477V6mTlXvvi0T0G3SNIYE2apm/G5huBa1+K89VGeovbg+jycCrfhl3ADxErOuO6Jg==",
      "license": "MIT",
      "bin": {
        "acorn": "bin/acorn"
      },
      "engines": {
        "node": ">=0.4.0"
      }
    },
    "node_modules/balanced-match": {
      "version": "1.0.2",
      "resolved": "https://registry.npmjs.org/balanced-match/-/balanced-match-1.0.2.tgz",
      "integrity": "sha512-3oSeUO0TMV67hN1AmbXsK4yaqU7tjiHlbxRDZOpH0KW9+CeX4bRAaX0Anxt0tx2MrpRpWwQaPwIlISEJhYU5Pw==",
      "license": "MIT"
    },
    "node_modules/brace-expansion": {
      "version": "2.0.1",
      "resolved": "https://registry.npmjs.org/brace-expansion/-/brace-expansion-2.0.1.tgz",
      "integrity": "sha512-XnAIvQ8eM+kC6aULx6wuQiwVsnzsi9d3WxzV3FpWTGA19F621kwdbsAcFKXgKUHZWsy+mY6iL1sHTxWEFCytDA==",
      "license": "MIT",
      "dependencies": {
        "balanced-match": "^1.0.0"
      }
    },
    "node_modules/braces": {
      "version": "3.0.3",
      "resolved": "https://registry.npmjs.org/braces/-/braces-3.0.3.tgz",
      "integrity": "sha512-yQbXgO/OSZVD2IsiLlro+7Hf6Q18EJrKSEsdoMzKePKXct3gvD8oLcOQdIzGupr5Fj+EDe8gO/lxc1BzfMpxvA==",
      "license": "MIT",
      "dependencies": {
        "fill-range": "^7.1.1"
      },
      "engines": {
        "node": ">=8"
      }
    },
    "node_modules/code-block-writer": {
      "version": "13.0.2",
      "resolved": "https://registry.npmjs.org/code-block-writer/-/code-block-writer-13.0.2.tgz",
      "integrity": "sha512-XfXzAGiStXSmCIwrkdfvc7FS5Dtj8yelCtyOf2p2skCAfvLd6zu0rGzuS9NSCO3bq1JKpFZ7tbKdKlcd5occQA==",
      "license": "MIT"
    },
    "node_modules/commander": {
      "version": "12.1.0",
      "resolved": "https://registry.npmjs.org/commander/-/commander-12.1.0.tgz",
      "integrity": "sha512-Vw8qHK3bZM9y/P10u3Vib8o/DdkvA2OtPtZvD871QKjy74Wj1WSKFILMPRPSdUSx5RFK1arlJzEtA4PkFgnbuA==",
      "license": "MIT",
      "engines": {
        "node": ">=18"
      }
    },
    "node_modules/fast-glob": {
      "version": "3.3.2",
      "resolved": "https://registry.npmjs.org/fast-glob/-/fast-glob-3.3.2.tgz",
      "integrity": "sha512-oX2ruAFQwf/Orj8m737Y5adxDQO0LAB7/S5MnxCdTNDd4p6BsyIVsv9JQsATbTSq8KHRpLwIHbVlUNatxd+1Ow==",
      "license": "MIT",
      "dependencies": {
        "@nodelib/fs.stat": "^2.0.2",
        "@nodelib/fs.walk": "^1.2.3",
        "glob-parent": "^5.1.2",
        "merge2": "^1.3.0",
        "micromatch": "^4.0.4"
      },
      "engines": {
        "node": ">=8.6.0"
      }
    },
    "node_modules/fastq": {
      "version": "1.17.1",
      "resolved": "https://registry.npmjs.org/fastq/-/fastq-1.17.1.tgz",
      "integrity": "sha512-sRVD3lWVIXWg6By68ZN7vho9a1pQcN/WBFaAAsDDFzlJjvoGx0P8z7V1t72grFJfJhu3YPZBuu25f7Kaw2jN1w==",
      "license": "ISC",
      "dependencies": {
        "reusify": "^1.0.4"
      }
    },
    "node_modules/fill-range": {
      "version": "7.1.1",
      "resolved": "https://registry.npmjs.org/fill-range/-/fill-range-7.1.1.tgz",
      "integrity": "sha512-YsGpe3WHLK8ZYi4tWDg2Jy3ebRz2rXowDxnld4bkQB00cc/1Zw9AWnC0i9ztDJitivtQvaI9KaLyKrc+hBW0yg==",
      "license": "MIT",
      "dependencies": {
        "to-regex-range": "^5.0.1"
      },
      "engines": {
        "node": ">=8"
      }
    },
    "node_modules/glob-parent": {
      "version": "5.1.2",
      "resolved": "https://registry.npmjs.org/glob-parent/-/glob-parent-5.1.2.tgz",
      "integrity": "sha512-AOIgSQCepiJYwP3ARnGx+5VnTu2HBYdzbGP45eLw1vr3zB3vZLeyed1sC9hnbcOc9/SrMyM5RPQrkGz4aS9Zow==",
      "license": "ISC",
      "dependencies": {
        "is-glob": "^4.0.1"
      },
      "engines": {
        "node": ">= 6"
      }
    },
    "node_modules/imurmurhash": {
      "version": "0.1.4",
      "resolved": "https://registry.npmjs.org/imurmurhash/-/imurmurhash-0.1.4.tgz",
      "integrity": "sha512-JmXMZ6wuvDmLiHEml9ykzqO6lwFbof0GG4IkcGaENdCRDDmMVnny7s5HsIgHCbaq0w2MyPhDqkhTUgS2LU2PHA==",
      "license": "MIT",
      "engines": {
        "node": ">=0.8.19"
      }
    },
    "node_modules/is-buffer": {
      "version": "2.0.5",
      "resolved": "https://registry.npmjs.org/is-buffer/-/is-buffer-2.0.5.tgz",
      "integrity": "sha512-i2R6zNFDwgEHJyQUtJEk0XFi1i0dPFn/oqjK3/vPCcDeJvW5NQ83V8QbicfF1SupOaB0h8ntgBC2YiE7dfyctQ==",
      "funding": [
        {
          "type": "github",
          "url": "https://github.com/sponsors/feross"
        },
        {
          "type": "patreon",
          "url": "https://www.patreon.com/feross"
        },
        {
          "type": "consulting",
          "url": "https://feross.org/support"
        }
      ],
      "license": "MIT",
      "engines": {
        "node": ">=4"
      }
    },
    "node_modules/is-extglob": {
      "version": "2.1.1",
      "resolved": "https://registry.npmjs.org/is-extglob/-/is-extglob-2.1.1.tgz",
      "integrity": "sha512-SbKbANkN603Vi4jEZv49LeVJMn4yGwsbzZworEoyEiutsN3nJYdbO36zfhGJ6QEDpOZIFkDtnq5JRxmvl3jsoQ==",
      "license": "MIT",
      "engines": {
        "node": ">=0.10.0"
      }
    },
    "node_modules/is-glob": {
      "version": "4.0.3",
      "resolved": "https://registry.npmjs.org/is-glob/-/is-glob-4.0.3.tgz",
      "integrity": "sha512-xelSayHH36ZgE7ZWhli7pW34hNbNl8Ojv5KVmkJD4hBdD3th8Tfk9vYasLM+mXWOZhFkgZfxhLSnrwRr4elSSg==",
      "license": "MIT",
      "dependencies": {
        "is-extglob": "^2.1.1"
      },
      "engines": {
        "node": ">=0.10.0"
      }
    },
    "node_modules/is-number": {
      "version": "7.0.0",
      "resolved": "https://registry.npmjs.org/is-number/-/is-number-7.0.0.tgz",
      "integrity": "sha512-41Cifkg6e8TylSpdtTpeLVMqvSBEVzTttHvERD741+pnZ8ANv0004MRL43QKPDlK9cGvNp6NZWZUBlbGXYxxng==",
      "license": "MIT",
      "engines": {
        "node": ">=0.12.0"
      }
    },
    "node_modules/lodash": {
      "version": "4.17.21",
      "resolved": "https://registry.npmjs.org/lodash/-/lodash-4.17.21.tgz",
      "integrity": "sha512-v2kDEe57lecTulaDIuNTPy3Ry4gLGJ6Z1O3vE1krgXZNrsQ+LFTGHVxVjcXPs17LhbZVGedAJv8XZ1tvj5FvSg==",
      "license": "MIT"
    },
    "node_modules/many-keys-map": {
      "version": "2.0.1",
      "resolved": "https://registry.npmjs.org/many-keys-map/-/many-keys-map-2.0.1.tgz",
      "integrity": "sha512-DHnZAD4phTbZ+qnJdjoNEVU1NecYoSdbOOoVmTDH46AuxDkEVh3MxTVpXq10GtcTC6mndN9dkv1rNfpjRcLnOw==",
      "license": "MIT",
      "funding": {
        "url": "https://github.com/sponsors/fregante"
      }
    },
    "node_modules/merge2": {
      "version": "1.4.1",
      "resolved": "https://registry.npmjs.org/merge2/-/merge2-1.4.1.tgz",
      "integrity": "sha512-8q7VEgMJW4J8tcfVPy8g09NcQwZdbwFEqhe/WZkoIzjn/3TGDwtOCYtXGxA3O8tPzpczCCDgv+P2P5y00ZJOOg==",
      "license": "MIT",
      "engines": {
        "node": ">= 8"
      }
    },
    "node_modules/micromatch": {
      "version": "4.0.8",
      "resolved": "https://registry.npmjs.org/micromatch/-/micromatch-4.0.8.tgz",
      "integrity": "sha512-PXwfBhYu0hBCPw8Dn0E+WDYb7af3dSLVWKi3HGv84IdF4TyFoC0ysxFd0Goxw7nSv4T/PzEJQxsYsEiFCKo2BA==",
      "license": "MIT",
      "dependencies": {
        "braces": "^3.0.3",
        "picomatch": "^2.3.1"
      },
      "engines": {
        "node": ">=8.6"
      }
    },
    "node_modules/minimatch": {
      "version": "9.0.5",
      "resolved": "https://registry.npmjs.org/minimatch/-/minimatch-9.0.5.tgz",
      "integrity": "sha512-G6T0ZX48xgozx7587koeX9Ys2NYy6Gmv//P89sEte9V9whIapMNF4idKxnW2QtCcLiTWlb/wfCabAtAFWhhBow==",
      "license": "ISC",
      "dependencies": {
        "brace-expansion": "^2.0.1"
      },
      "engines": {
        "node": ">=16 || 14 >=14.17"
      },
      "funding": {
        "url": "https://github.com/sponsors/isaacs"
      }
    },
    "node_modules/mkdirp": {
      "version": "3.0.1",
      "resolved": "https://registry.npmjs.org/mkdirp/-/mkdirp-3.0.1.tgz",
      "integrity": "sha512-+NsyUUAZDmo6YVHzL/stxSu3t9YS1iljliy3BSDrXJ/dkn1KYdmtZODGGjLcc9XLgVVpH4KshHB8XmZgMhaBXg==",
      "license": "MIT",
      "bin": {
        "mkdirp": "dist/cjs/src/bin.js"
      },
      "engines": {
        "node": ">=10"
      },
      "funding": {
        "url": "https://github.com/sponsors/isaacs"
      }
    },
    "node_modules/path-browserify": {
      "version": "1.0.1",
      "resolved": "https://registry.npmjs.org/path-browserify/-/path-browserify-1.0.1.tgz",
      "integrity": "sha512-b7uo2UCUOYZcnF/3ID0lulOJi/bafxa1xPe7ZPsammBSpjSWQkjNxlt635YGS2MiR9GjvuXCtz2emr3jbsz98g==",
      "license": "MIT"
    },
    "node_modules/picomatch": {
      "version": "2.3.1",
      "resolved": "https://registry.npmjs.org/picomatch/-/picomatch-2.3.1.tgz",
      "integrity": "sha512-JU3teHTNjmE2VCGFzuY8EXzCDVwEqB2a8fsIvwaStHhAWJEeVd1o1QD80CU6+ZdEXXSLbSsuLwJjkCBWqRQUVA==",
      "license": "MIT",
      "engines": {
        "node": ">=8.6"
      },
      "funding": {
        "url": "https://github.com/sponsors/jonschlinkert"
      }
    },
    "node_modules/piscina": {
      "version": "4.7.0",
      "resolved": "https://registry.npmjs.org/piscina/-/piscina-4.7.0.tgz",
      "integrity": "sha512-b8hvkpp9zS0zsfa939b/jXbe64Z2gZv0Ha7FYPNUiDIB1y2AtxcOZdfP8xN8HFjUaqQiT9gRlfjAsoL8vdJ1Iw==",
      "license": "MIT",
      "optionalDependencies": {
        "@napi-rs/nice": "^1.0.1"
      }
    },
    "node_modules/queue-microtask": {
      "version": "1.2.3",
      "resolved": "https://registry.npmjs.org/queue-microtask/-/queue-microtask-1.2.3.tgz",
      "integrity": "sha512-NuaNSa6flKT5JaSYQzJok04JzTL1CA6aGhv5rfLW3PgqA+M2ChpZQnAC8h8i4ZFkBS8X5RqkDBHA7r4hej3K9A==",
      "funding": [
        {
          "type": "github",
          "url": "https://github.com/sponsors/feross"
        },
        {
          "type": "patreon",
          "url": "https://www.patreon.com/feross"
        },
        {
          "type": "consulting",
          "url": "https://feross.org/support"
        }
      ],
      "license": "MIT"
    },
    "node_modules/reusify": {
      "version": "1.0.4",
      "resolved": "https://registry.npmjs.org/reusify/-/reusify-1.0.4.tgz",
      "integrity": "sha512-U9nH88a3fc/ekCF1l0/UP1IosiuIjyTh7hBvXVMHYgVcfGvt897Xguj2UOLDeI5BG2m7/uwyaLVT6fbtCwTyzw==",
      "license": "MIT",
      "engines": {
        "iojs": ">=1.0.0",
        "node": ">=0.10.0"
      }
    },
    "node_modules/run-parallel": {
      "version": "1.2.0",
      "resolved": "https://registry.npmjs.org/run-parallel/-/run-parallel-1.2.0.tgz",
      "integrity": "sha512-5l4VyZR86LZ/lDxZTR6jqL8AFE2S0IFLMP26AbjsLVADxHdhB/c0GUsH+y39UfCi3dzz8OlQuPmnaJOMoDHQBA==",
      "funding": [
        {
          "type": "github",
          "url": "https://github.com/sponsors/feross"
        },
        {
          "type": "patreon",
          "url": "https://www.patreon.com/feross"
        },
        {
          "type": "consulting",
          "url": "https://feross.org/support"
        }
      ],
      "license": "MIT",
      "dependencies": {
        "queue-microtask": "^1.2.2"
      }
    },
    "node_modules/rxjs": {
      "version": "7.8.1",
      "resolved": "https://registry.npmjs.org/rxjs/-/rxjs-7.8.1.tgz",
      "integrity": "sha512-AA3TVj+0A2iuIoQkWEK/tqFjBq2j+6PO6Y0zJcvzLAFhEFIO3HL0vls9hWLncZbAAbK0mar7oZ4V079I/qPMxg==",
      "license": "Apache-2.0",
      "dependencies": {
        "tslib": "^2.1.0"
      }
    },
    "node_modules/tersify": {
      "version": "3.12.1",
      "resolved": "https://registry.npmjs.org/tersify/-/tersify-3.12.1.tgz",
      "integrity": "sha512-VwzXGHZSOB4T27s4uvh9v8FYrNXyfVz0nBQi28TDwrZoQwT8ZJUp1W2Ff73ekN07stJSb0D+pr6iXeNeFqTI6Q==",
      "license": "MIT",
      "dependencies": {
        "acorn": "^8.8.2",
        "is-buffer": "^2.0.5",
        "unpartial": "^1.0.4"
      }
    },
    "node_modules/to-regex-range": {
      "version": "5.0.1",
      "resolved": "https://registry.npmjs.org/to-regex-range/-/to-regex-range-5.0.1.tgz",
      "integrity": "sha512-65P7iz6X5yEr1cwcgvQxbbIw7Uk3gOy5dIdtZ4rDveLqhrdJP+Li/Hx6tyK0NEb+2GCyneCMJiGqrADCSNk8sQ==",
      "license": "MIT",
      "dependencies": {
        "is-number": "^7.0.0"
      },
      "engines": {
        "node": ">=8.0"
      }
    },
    "node_modules/ts-morph": {
      "version": "23.0.0",
      "resolved": "https://registry.npmjs.org/ts-morph/-/ts-morph-23.0.0.tgz",
      "integrity": "sha512-FcvFx7a9E8TUe6T3ShihXJLiJOiqyafzFKUO4aqIHDUCIvADdGNShcbc2W5PMr3LerXRv7mafvFZ9lRENxJmug==",
      "license": "MIT",
      "dependencies": {
        "@ts-morph/common": "~0.24.0",
        "code-block-writer": "^13.0.1"
      }
    },
    "node_modules/tslib": {
      "version": "2.7.0",
      "resolved": "https://registry.npmjs.org/tslib/-/tslib-2.7.0.tgz",
      "integrity": "sha512-gLXCKdN1/j47AiHiOkJN69hJmcbGTHI0ImLmbYLHykhgeN0jVGola9yVjFgzCUklsZQMW55o+dW7IXv3RCXDzA==",
      "license": "0BSD"
    },
    "node_modules/type-plus": {
      "version": "7.6.2",
      "resolved": "https://registry.npmjs.org/type-plus/-/type-plus-7.6.2.tgz",
      "integrity": "sha512-qUlXv9Y0/W56pg38m275IMD3WA03QbVoqNY16S3kmwtuA4gOT2iheyUdOp8NWrmXWpf7om98hzr7AZD/eW2jLA==",
      "license": "MIT",
      "dependencies": {
        "tersify": "^3.11.1",
        "unpartial": "^1.0.4"
      }
    },
    "node_modules/unique-filename": {
      "version": "4.0.0",
      "resolved": "https://registry.npmjs.org/unique-filename/-/unique-filename-4.0.0.tgz",
      "integrity": "sha512-XSnEewXmQ+veP7xX2dS5Q4yZAvO40cBN2MWkJ7D/6sW4Dg6wYBNwM1Vrnz1FhH5AdeLIlUXRI9e28z1YZi71NQ==",
      "license": "ISC",
      "dependencies": {
        "unique-slug": "^5.0.0"
      },
      "engines": {
        "node": "^18.17.0 || >=20.5.0"
      }
    },
    "node_modules/unique-slug": {
      "version": "5.0.0",
      "resolved": "https://registry.npmjs.org/unique-slug/-/unique-slug-5.0.0.tgz",
      "integrity": "sha512-9OdaqO5kwqR+1kVgHAhsp5vPNU0hnxRa26rBFNfNgM7M6pNtgzeBn3s/xbyCQL3dcjzOatcef6UUHpB/6MaETg==",
      "license": "ISC",
      "dependencies": {
        "imurmurhash": "^0.1.4"
      },
      "engines": {
        "node": "^18.17.0 || >=20.5.0"
      }
    },
    "node_modules/unpartial": {
      "version": "1.0.5",
      "resolved": "https://registry.npmjs.org/unpartial/-/unpartial-1.0.5.tgz",
      "integrity": "sha512-yAqaXcachjgZUnM2yIkf+4KJhmyuoj7stBvlnlZpB15OYVbKnLhgJfmLW7qkpzLHCdsm1bEFvhyN9hCmlZ3uuw==",
      "license": "MIT",
      "engines": {
        "node": ">=6"
      }
    }
  }
}
